
Microsoft Visual Studio Solution File, Format Version 12.00
# Visual Studio Version 17
VisualStudioVersion = 17.2.32526.322
MinimumVisualStudioVersion = 10.0.40219.1
Project("{F184B08F-C81C-45F6-A57F-5ABD9991F28F}") = "MeusEsc", "MeusEsc\MeusEsc.vbproj", "{1DAB3AB6-5F4E-457F-BA76-5BFC030968FA}"
EndProject
Global
	GlobalSection(SolutionConfigurationPlatforms) = preSolution
		Debug|Any CPU = Debug|Any CPU
		Release|Any CPU = Release|Any CPU
	EndGlobalSection
	GlobalSection(ProjectConfigurationPlatforms) = postSolution
		{1DAB3AB6-5F4E-457F-BA76-5BFC030968FA}.Debug|Any CPU.ActiveCfg = Debug|Any CPU
		{1DAB3AB6-5F4E-457F-BA76-5BFC030968FA}.Debug|Any CPU.Build.0 = Debug|Any CPU
		{1DAB3AB6-5F4E-457F-BA76-5BFC030968FA}.Release|Any CPU.ActiveCfg = Release|Any CPU
		{1DAB3AB6-5F4E-457F-BA76-5BFC030968FA}.Release|Any CPU.Build.0 = Release|Any CPU
	EndGlobalSection
	GlobalSection(SolutionProperties) = preSolution
		HideSolutionNode = FALSE
	EndGlobalSection
	GlobalSection(ExtensibilityGlobals) = postSolution
		SolutionGuid = {BB39BDDA-FAEB-46F5-9B19-429E7898C0FA}
	EndGlobalSection
EndGlobal
